
Microsoft Visual Studio Solution File, Format Version 12.00
# Visual Studio 15
VisualStudioVersion = 15.0.28010.2003
MinimumVisualStudioVersion = 10.0.40219.1
Project("{9A19103F-16F7-4668-BE54-9A1E7A4F7556}") = "streams", "streams\streams.csproj", "{990369F5-C609-4DB1-8A65-4503E151135D}"
EndProject
Project("{9A19103F-16F7-4668-BE54-9A1E7A4F7556}") = "stubs", "stubs\stubs.csproj", "{37028683-4831-4051-BC01-517792B22061}"
EndProject
Project("{FAE04EC0-301F-11D3-BF4B-00C04F79EFBC}") = "models", "models\models.csproj", "{8B971D1B-93B0-477A-8409-113580CA2FBA}"
EndProject
Global
	GlobalSection(SolutionConfigurationPlatforms) = preSolution
		Debug|Any CPU = Debug|Any CPU
		Release|Any CPU = Release|Any CPU
	EndGlobalSection
	GlobalSection(ProjectConfigurationPlatforms) = postSolution
		{990369F5-C609-4DB1-8A65-4503E151135D}.Debug|Any CPU.ActiveCfg = Debug|Any CPU
		{990369F5-C609-4DB1-8A65-4503E151135D}.Debug|Any CPU.Build.0 = Debug|Any CPU
		{990369F5-C609-4DB1-8A65-4503E151135D}.Release|Any CPU.ActiveCfg = Release|Any CPU
		{990369F5-C609-4DB1-8A65-4503E151135D}.Release|Any CPU.Build.0 = Release|Any CPU
		{37028683-4831-4051-BC01-517792B22061}.Debug|Any CPU.ActiveCfg = Debug|Any CPU
		{37028683-4831-4051-BC01-517792B22061}.Debug|Any CPU.Build.0 = Debug|Any CPU
		{37028683-4831-4051-BC01-517792B22061}.Release|Any CPU.ActiveCfg = Release|Any CPU
		{37028683-4831-4051-BC01-517792B22061}.Release|Any CPU.Build.0 = Release|Any CPU
		{8B971D1B-93B0-477A-8409-113580CA2FBA}.Debug|Any CPU.ActiveCfg = Debug|Any CPU
		{8B971D1B-93B0-477A-8409-113580CA2FBA}.Debug|Any CPU.Build.0 = Debug|Any CPU
		{8B971D1B-93B0-477A-8409-113580CA2FBA}.Release|Any CPU.ActiveCfg = Release|Any CPU
		{8B971D1B-93B0-477A-8409-113580CA2FBA}.Release|Any CPU.Build.0 = Release|Any CPU
	EndGlobalSection
	GlobalSection(SolutionProperties) = preSolution
		HideSolutionNode = FALSE
	EndGlobalSection
	GlobalSection(ExtensibilityGlobals) = postSolution
		SolutionGuid = {799D97C5-5058-452C-8EAF-1B688C7BF6DB}
	EndGlobalSection
EndGlobal
